
Microsoft Visual Studio Solution File, Format Version 12.00
# Visual Studio 15
VisualStudioVersion = 15.0.26730.10
MinimumVisualStudioVersion = 10.0.40219.1
Project("{9A19103F-16F7-4668-BE54-9A1E7A4F7556}") = "ChillNExplore", "ChillNExplore\ChillNExplore\ChillNExplore.csproj", "{6D4C0AB9-3C47-4B94-8196-02E4AF8665B8}"
EndProject
Project("{FAE04EC0-301F-11D3-BF4B-00C04F79EFBC}") = "ChillNExplore.iOS", "ChillNExplore\ChillNExplore.iOS\ChillNExplore.iOS.csproj", "{1649F09D-1E6C-445E-8309-700C9AE43AAE}"
EndProject
Project("{FAE04EC0-301F-11D3-BF4B-00C04F79EFBC}") = "ChillNExplore.Android", "ChillNExplore\ChillNExplore.Android\ChillNExplore.Android.csproj", "{83278678-9A57-48FF-B0A3-D6FAB6B56DBC}"
EndProject
Project("{FAE04EC0-301F-11D3-BF4B-00C04F79EFBC}") = "ChillNExplore.UWP", "ChillNExplore\ChillNExplore.UWP\ChillNExplore.UWP.csproj", "{63559EA1-F3AC-4602-B3B0-129BF757EB4E}"
EndProject
Project("{FAE04EC0-301F-11D3-BF4B-00C04F79EFBC}") = "API.ChillNExplore", "API.ChillNExplore\API.ChillNExplore.csproj", "{BEBCB0A1-1376-46C2-925B-A85A7E79C6AA}"
EndProject
Project("{FAE04EC0-301F-11D3-BF4B-00C04F79EFBC}") = "API.ChillNExplore.Tests", "API.ChillNExplore.Tests\API.ChillNExplore.Tests.csproj", "{F70FB3CD-6552-4C0B-8E09-36FAB896B049}"
EndProject
Project("{FAE04EC0-301F-11D3-BF4B-00C04F79EFBC}") = "ChillNExplore.Entities", "ChillNExplore.Entities\ChillNExplore.Entities.csproj", "{256A4D76-13C0-4249-BB4F-0521981BBB8D}"
EndProject
Global
	GlobalSection(SolutionConfigurationPlatforms) = preSolution
		Ad-Hoc|Any CPU = Ad-Hoc|Any CPU
		Ad-Hoc|ARM = Ad-Hoc|ARM
		Ad-Hoc|iPhone = Ad-Hoc|iPhone
		Ad-Hoc|iPhoneSimulator = Ad-Hoc|iPhoneSimulator
		Ad-Hoc|x64 = Ad-Hoc|x64
		Ad-Hoc|x86 = Ad-Hoc|x86
		AppStore|Any CPU = AppStore|Any CPU
		AppStore|ARM = AppStore|ARM
		AppStore|iPhone = AppStore|iPhone
		AppStore|iPhoneSimulator = AppStore|iPhoneSimulator
		AppStore|x64 = AppStore|x64
		AppStore|x86 = AppStore|x86
		Debug|Any CPU = Debug|Any CPU
		Debug|ARM = Debug|ARM
		Debug|iPhone = Debug|iPhone
		Debug|iPhoneSimulator = Debug|iPhoneSimulator
		Debug|x64 = Debug|x64
		Debug|x86 = Debug|x86
		Release|Any CPU = Release|Any CPU
		Release|ARM = Release|ARM
		Release|iPhone = Release|iPhone
		Release|iPhoneSimulator = Release|iPhoneSimulator
		Release|x64 = Release|x64
		Release|x86 = Release|x86
	EndGlobalSection
	GlobalSection(ProjectConfigurationPlatforms) = postSolution
		{6D4C0AB9-3C47-4B94-8196-02E4AF8665B8}.Ad-Hoc|Any CPU.ActiveCfg = Debug|Any CPU
		{6D4C0AB9-3C47-4B94-8196-02E4AF8665B8}.Ad-Hoc|Any CPU.Build.0 = Debug|Any CPU
		{6D4C0AB9-3C47-4B94-8196-02E4AF8665B8}.Ad-Hoc|ARM.ActiveCfg = Debug|Any CPU
		{6D4C0AB9-3C47-4B94-8196-02E4AF8665B8}.Ad-Hoc|ARM.Build.0 = Debug|Any CPU
		{6D4C0AB9-3C47-4B94-8196-02E4AF8665B8}.Ad-Hoc|iPhone.ActiveCfg = Debug|Any CPU
		{6D4C0AB9-3C47-4B94-8196-02E4AF8665B8}.Ad-Hoc|iPhone.Build.0 = Debug|Any CPU
		{6D4C0AB9-3C47-4B94-8196-02E4AF8665B8}.Ad-Hoc|iPhoneSimulator.ActiveCfg = Debug|Any CPU
		{6D4C0AB9-3C47-4B94-8196-02E4AF8665B8}.Ad-Hoc|iPhoneSimulator.Build.0 = Debug|Any CPU
		{6D4C0AB9-3C47-4B94-8196-02E4AF8665B8}.Ad-Hoc|x64.ActiveCfg = Debug|Any CPU
		{6D4C0AB9-3C47-4B94-8196-02E4AF8665B8}.Ad-Hoc|x64.Build.0 = Debug|Any CPU
		{6D4C0AB9-3C47-4B94-8196-02E4AF8665B8}.Ad-Hoc|x86.ActiveCfg = Debug|Any CPU
		{6D4C0AB9-3C47-4B94-8196-02E4AF8665B8}.Ad-Hoc|x86.Build.0 = Debug|Any CPU
		{6D4C0AB9-3C47-4B94-8196-02E4AF8665B8}.AppStore|Any CPU.ActiveCfg = Debug|Any CPU
		{6D4C0AB9-3C47-4B94-8196-02E4AF8665B8}.AppStore|Any CPU.Build.0 = Debug|Any CPU
		{6D4C0AB9-3C47-4B94-8196-02E4AF8665B8}.AppStore|ARM.ActiveCfg = Debug|Any CPU
		{6D4C0AB9-3C47-4B94-8196-02E4AF8665B8}.AppStore|ARM.Build.0 = Debug|Any CPU
		{6D4C0AB9-3C47-4B94-8196-02E4AF8665B8}.AppStore|iPhone.ActiveCfg = Debug|Any CPU
		{6D4C0AB9-3C47-4B94-8196-02E4AF8665B8}.AppStore|iPhone.Build.0 = Debug|Any CPU
		{6D4C0AB9-3C47-4B94-8196-02E4AF8665B8}.AppStore|iPhoneSimulator.ActiveCfg = Debug|Any CPU
		{6D4C0AB9-3C47-4B94-8196-02E4AF8665B8}.AppStore|iPhoneSimulator.Build.0 = Debug|Any CPU
		{6D4C0AB9-3C47-4B94-8196-02E4AF8665B8}.AppStore|x64.ActiveCfg = Debug|Any CPU
		{6D4C0AB9-3C47-4B94-8196-02E4AF8665B8}.AppStore|x64.Build.0 = Debug|Any CPU
		{6D4C0AB9-3C47-4B94-8196-02E4AF8665B8}.AppStore|x86.ActiveCfg = Debug|Any CPU
		{6D4C0AB9-3C47-4B94-8196-02E4AF8665B8}.AppStore|x86.Build.0 = Debug|Any CPU
		{6D4C0AB9-3C47-4B94-8196-02E4AF8665B8}.Debug|Any CPU.ActiveCfg = Debug|Any CPU
		{6D4C0AB9-3C47-4B94-8196-02E4AF8665B8}.Debug|Any CPU.Build.0 = Debug|Any CPU
		{6D4C0AB9-3C47-4B94-8196-02E4AF8665B8}.Debug|ARM.ActiveCfg = Debug|Any CPU
		{6D4C0AB9-3C47-4B94-8196-02E4AF8665B8}.Debug|ARM.Build.0 = Debug|Any CPU
		{6D4C0AB9-3C47-4B94-8196-02E4AF8665B8}.Debug|iPhone.ActiveCfg = Debug|Any CPU
		{6D4C0AB9-3C47-4B94-8196-02E4AF8665B8}.Debug|iPhone.Build.0 = Debug|Any CPU
		{6D4C0AB9-3C47-4B94-8196-02E4AF8665B8}.Debug|iPhoneSimulator.ActiveCfg = Debug|Any CPU
		{6D4C0AB9-3C47-4B94-8196-02E4AF8665B8}.Debug|iPhoneSimulator.Build.0 = Debug|Any CPU
		{6D4C0AB9-3C47-4B94-8196-02E4AF8665B8}.Debug|x64.ActiveCfg = Debug|Any CPU
		{6D4C0AB9-3C47-4B94-8196-02E4AF8665B8}.Debug|x64.Build.0 = Debug|Any CPU
		{6D4C0AB9-3C47-4B94-8196-02E4AF8665B8}.Debug|x86.ActiveCfg = Debug|Any CPU
		{6D4C0AB9-3C47-4B94-8196-02E4AF8665B8}.Debug|x86.Build.0 = Debug|Any CPU
		{6D4C0AB9-3C47-4B94-8196-02E4AF8665B8}.Release|Any CPU.ActiveCfg = Release|Any CPU
		{6D4C0AB9-3C47-4B94-8196-02E4AF8665B8}.Release|Any CPU.Build.0 = Release|Any CPU
		{6D4C0AB9-3C47-4B94-8196-02E4AF8665B8}.Release|ARM.ActiveCfg = Release|Any CPU
		{6D4C0AB9-3C47-4B94-8196-02E4AF8665B8}.Release|ARM.Build.0 = Release|Any CPU
		{6D4C0AB9-3C47-4B94-8196-02E4AF8665B8}.Release|iPhone.ActiveCfg = Release|Any CPU
		{6D4C0AB9-3C47-4B94-8196-02E4AF8665B8}.Release|iPhone.Build.0 = Release|Any CPU
		{6D4C0AB9-3C47-4B94-8196-02E4AF8665B8}.Release|iPhoneSimulator.ActiveCfg = Release|Any CPU
		{6D4C0AB9-3C47-4B94-8196-02E4AF8665B8}.Release|iPhoneSimulator.Build.0 = Release|Any CPU
		{6D4C0AB9-3C47-4B94-8196-02E4AF8665B8}.Release|x64.ActiveCfg = Release|Any CPU
		{6D4C0AB9-3C47-4B94-8196-02E4AF8665B8}.Release|x64.Build.0 = Release|Any CPU
		{6D4C0AB9-3C47-4B94-8196-02E4AF8665B8}.Release|x86.ActiveCfg = Release|Any CPU
		{6D4C0AB9-3C47-4B94-8196-02E4AF8665B8}.Release|x86.Build.0 = Release|Any CPU
		{1649F09D-1E6C-445E-8309-700C9AE43AAE}.Ad-Hoc|Any CPU.ActiveCfg = Ad-Hoc|iPhone
		{1649F09D-1E6C-445E-8309-700C9AE43AAE}.Ad-Hoc|ARM.ActiveCfg = Ad-Hoc|iPhone
		{1649F09D-1E6C-445E-8309-700C9AE43AAE}.Ad-Hoc|iPhone.ActiveCfg = Ad-Hoc|iPhone
		{1649F09D-1E6C-445E-8309-700C9AE43AAE}.Ad-Hoc|iPhone.Build.0 = Ad-Hoc|iPhone
		{1649F09D-1E6C-445E-8309-700C9AE43AAE}.Ad-Hoc|iPhoneSimulator.ActiveCfg = Ad-Hoc|iPhoneSimulator
		{1649F09D-1E6C-445E-8309-700C9AE43AAE}.Ad-Hoc|iPhoneSimulator.Build.0 = Ad-Hoc|iPhoneSimulator
		{1649F09D-1E6C-445E-8309-700C9AE43AAE}.Ad-Hoc|x64.ActiveCfg = Ad-Hoc|iPhone
		{1649F09D-1E6C-445E-8309-700C9AE43AAE}.Ad-Hoc|x86.ActiveCfg = Ad-Hoc|iPhone
		{1649F09D-1E6C-445E-8309-700C9AE43AAE}.AppStore|Any CPU.ActiveCfg = AppStore|iPhone
		{1649F09D-1E6C-445E-8309-700C9AE43AAE}.AppStore|ARM.ActiveCfg = AppStore|iPhone
		{1649F09D-1E6C-445E-8309-700C9AE43AAE}.AppStore|iPhone.ActiveCfg = AppStore|iPhone
		{1649F09D-1E6C-445E-8309-700C9AE43AAE}.AppStore|iPhone.Build.0 = AppStore|iPhone
		{1649F09D-1E6C-445E-8309-700C9AE43AAE}.AppStore|iPhoneSimulator.ActiveCfg = AppStore|iPhoneSimulator
		{1649F09D-1E6C-445E-8309-700C9AE43AAE}.AppStore|iPhoneSimulator.Build.0 = AppStore|iPhoneSimulator
		{1649F09D-1E6C-445E-8309-700C9AE43AAE}.AppStore|x64.ActiveCfg = AppStore|iPhone
		{1649F09D-1E6C-445E-8309-700C9AE43AAE}.AppStore|x86.ActiveCfg = AppStore|iPhone
		{1649F09D-1E6C-445E-8309-700C9AE43AAE}.Debug|Any CPU.ActiveCfg = Debug|iPhone
		{1649F09D-1E6C-445E-8309-700C9AE43AAE}.Debug|ARM.ActiveCfg = Debug|iPhone
		{1649F09D-1E6C-445E-8309-700C9AE43AAE}.Debug|iPhone.ActiveCfg = Debug|iPhone
		{1649F09D-1E6C-445E-8309-700C9AE43AAE}.Debug|iPhone.Build.0 = Debug|iPhone
		{1649F09D-1E6C-445E-8309-700C9AE43AAE}.Debug|iPhoneSimulator.ActiveCfg = Debug|iPhoneSimulator
		{1649F09D-1E6C-445E-8309-700C9AE43AAE}.Debug|iPhoneSimulator.Build.0 = Debug|iPhoneSimulator
		{1649F09D-1E6C-445E-8309-700C9AE43AAE}.Debug|x64.ActiveCfg = Debug|iPhone
		{1649F09D-1E6C-445E-8309-700C9AE43AAE}.Debug|x86.ActiveCfg = Debug|iPhone
		{1649F09D-1E6C-445E-8309-700C9AE43AAE}.Release|Any CPU.ActiveCfg = Release|iPhone
		{1649F09D-1E6C-445E-8309-700C9AE43AAE}.Release|ARM.ActiveCfg = Release|iPhone
		{1649F09D-1E6C-445E-8309-700C9AE43AAE}.Release|iPhone.ActiveCfg = Release|iPhone
		{1649F09D-1E6C-445E-8309-700C9AE43AAE}.Release|iPhone.Build.0 = Release|iPhone
		{1649F09D-1E6C-445E-8309-700C9AE43AAE}.Release|iPhoneSimulator.ActiveCfg = Release|iPhoneSimulator
		{1649F09D-1E6C-445E-8309-700C9AE43AAE}.Release|iPhoneSimulator.Build.0 = Release|iPhoneSimulator
		{1649F09D-1E6C-445E-8309-700C9AE43AAE}.Release|x64.ActiveCfg = Release|iPhone
		{1649F09D-1E6C-445E-8309-700C9AE43AAE}.Release|x86.ActiveCfg = Release|iPhone
		{83278678-9A57-48FF-B0A3-D6FAB6B56DBC}.Ad-Hoc|Any CPU.ActiveCfg = Release|Any CPU
		{83278678-9A57-48FF-B0A3-D6FAB6B56DBC}.Ad-Hoc|Any CPU.Build.0 = Release|Any CPU
		{83278678-9A57-48FF-B0A3-D6FAB6B56DBC}.Ad-Hoc|Any CPU.Deploy.0 = Release|Any CPU
		{83278678-9A57-48FF-B0A3-D6FAB6B56DBC}.Ad-Hoc|ARM.ActiveCfg = Release|Any CPU
		{83278678-9A57-48FF-B0A3-D6FAB6B56DBC}.Ad-Hoc|ARM.Build.0 = Release|Any CPU
		{83278678-9A57-48FF-B0A3-D6FAB6B56DBC}.Ad-Hoc|ARM.Deploy.0 = Release|Any CPU
		{83278678-9A57-48FF-B0A3-D6FAB6B56DBC}.Ad-Hoc|iPhone.ActiveCfg = Release|Any CPU
		{83278678-9A57-48FF-B0A3-D6FAB6B56DBC}.Ad-Hoc|iPhone.Build.0 = Release|Any CPU
		{83278678-9A57-48FF-B0A3-D6FAB6B56DBC}.Ad-Hoc|iPhone.Deploy.0 = Release|Any CPU
		{83278678-9A57-48FF-B0A3-D6FAB6B56DBC}.Ad-Hoc|iPhoneSimulator.ActiveCfg = Release|Any CPU
		{83278678-9A57-48FF-B0A3-D6FAB6B56DBC}.Ad-Hoc|iPhoneSimulator.Build.0 = Release|Any CPU
		{83278678-9A57-48FF-B0A3-D6FAB6B56DBC}.Ad-Hoc|iPhoneSimulator.Deploy.0 = Release|Any CPU
		{83278678-9A57-48FF-B0A3-D6FAB6B56DBC}.Ad-Hoc|x64.ActiveCfg = Release|Any CPU
		{83278678-9A57-48FF-B0A3-D6FAB6B56DBC}.Ad-Hoc|x64.Build.0 = Release|Any CPU
		{83278678-9A57-48FF-B0A3-D6FAB6B56DBC}.Ad-Hoc|x64.Deploy.0 = Release|Any CPU
		{83278678-9A57-48FF-B0A3-D6FAB6B56DBC}.Ad-Hoc|x86.ActiveCfg = Release|Any CPU
		{83278678-9A57-48FF-B0A3-D6FAB6B56DBC}.Ad-Hoc|x86.Build.0 = Release|Any CPU
		{83278678-9A57-48FF-B0A3-D6FAB6B56DBC}.Ad-Hoc|x86.Deploy.0 = Release|Any CPU
		{83278678-9A57-48FF-B0A3-D6FAB6B56DBC}.AppStore|Any CPU.ActiveCfg = Release|Any CPU
		{83278678-9A57-48FF-B0A3-D6FAB6B56DBC}.AppStore|Any CPU.Build.0 = Release|Any CPU
		{83278678-9A57-48FF-B0A3-D6FAB6B56DBC}.AppStore|Any CPU.Deploy.0 = Release|Any CPU
		{83278678-9A57-48FF-B0A3-D6FAB6B56DBC}.AppStore|ARM.ActiveCfg = Release|Any CPU
		{83278678-9A57-48FF-B0A3-D6FAB6B56DBC}.AppStore|ARM.Build.0 = Release|Any CPU
		{83278678-9A57-48FF-B0A3-D6FAB6B56DBC}.AppStore|ARM.Deploy.0 = Release|Any CPU
		{83278678-9A57-48FF-B0A3-D6FAB6B56DBC}.AppStore|iPhone.ActiveCfg = Release|Any CPU
		{83278678-9A57-48FF-B0A3-D6FAB6B56DBC}.AppStore|iPhone.Build.0 = Release|Any CPU
		{83278678-9A57-48FF-B0A3-D6FAB6B56DBC}.AppStore|iPhone.Deploy.0 = Release|Any CPU
		{83278678-9A57-48FF-B0A3-D6FAB6B56DBC}.AppStore|iPhoneSimulator.ActiveCfg = Release|Any CPU
		{83278678-9A57-48FF-B0A3-D6FAB6B56DBC}.AppStore|iPhoneSimulator.Build.0 = Release|Any CPU
		{83278678-9A57-48FF-B0A3-D6FAB6B56DBC}.AppStore|iPhoneSimulator.Deploy.0 = Release|Any CPU
		{83278678-9A57-48FF-B0A3-D6FAB6B56DBC}.AppStore|x64.ActiveCfg = Release|Any CPU
		{83278678-9A57-48FF-B0A3-D6FAB6B56DBC}.AppStore|x64.Build.0 = Release|Any CPU
		{83278678-9A57-48FF-B0A3-D6FAB6B56DBC}.AppStore|x64.Deploy.0 = Release|Any CPU
		{83278678-9A57-48FF-B0A3-D6FAB6B56DBC}.AppStore|x86.ActiveCfg = Release|Any CPU
		{83278678-9A57-48FF-B0A3-D6FAB6B56DBC}.AppStore|x86.Build.0 = Release|Any CPU
		{83278678-9A57-48FF-B0A3-D6FAB6B56DBC}.AppStore|x86.Deploy.0 = Release|Any CPU
		{83278678-9A57-48FF-B0A3-D6FAB6B56DBC}.Debug|Any CPU.ActiveCfg = Debug|Any CPU
		{83278678-9A57-48FF-B0A3-D6FAB6B56DBC}.Debug|Any CPU.Build.0 = Debug|Any CPU
		{83278678-9A57-48FF-B0A3-D6FAB6B56DBC}.Debug|Any CPU.Deploy.0 = Debug|Any CPU
		{83278678-9A57-48FF-B0A3-D6FAB6B56DBC}.Debug|ARM.ActiveCfg = Debug|Any CPU
		{83278678-9A57-48FF-B0A3-D6FAB6B56DBC}.Debug|ARM.Build.0 = Debug|Any CPU
		{83278678-9A57-48FF-B0A3-D6FAB6B56DBC}.Debug|ARM.Deploy.0 = Debug|Any CPU
		{83278678-9A57-48FF-B0A3-D6FAB6B56DBC}.Debug|iPhone.ActiveCfg = Debug|Any CPU
		{83278678-9A57-48FF-B0A3-D6FAB6B56DBC}.Debug|iPhone.Build.0 = Debug|Any CPU
		{83278678-9A57-48FF-B0A3-D6FAB6B56DBC}.Debug|iPhone.Deploy.0 = Debug|Any CPU
		{83278678-9A57-48FF-B0A3-D6FAB6B56DBC}.Debug|iPhoneSimulator.ActiveCfg = Debug|Any CPU
		{83278678-9A57-48FF-B0A3-D6FAB6B56DBC}.Debug|iPhoneSimulator.Build.0 = Debug|Any CPU
		{83278678-9A57-48FF-B0A3-D6FAB6B56DBC}.Debug|iPhoneSimulator.Deploy.0 = Debug|Any CPU
		{83278678-9A57-48FF-B0A3-D6FAB6B56DBC}.Debug|x64.ActiveCfg = Debug|Any CPU
		{83278678-9A57-48FF-B0A3-D6FAB6B56DBC}.Debug|x64.Build.0 = Debug|Any CPU
		{83278678-9A57-48FF-B0A3-D6FAB6B56DBC}.Debug|x64.Deploy.0 = Debug|Any CPU
		{83278678-9A57-48FF-B0A3-D6FAB6B56DBC}.Debug|x86.ActiveCfg = Debug|Any CPU
		{83278678-9A57-48FF-B0A3-D6FAB6B56DBC}.Debug|x86.Build.0 = Debug|Any CPU
		{83278678-9A57-48FF-B0A3-D6FAB6B56DBC}.Debug|x86.Deploy.0 = Debug|Any CPU
		{83278678-9A57-48FF-B0A3-D6FAB6B56DBC}.Release|Any CPU.ActiveCfg = Release|Any CPU
		{83278678-9A57-48FF-B0A3-D6FAB6B56DBC}.Release|Any CPU.Build.0 = Release|Any CPU
		{83278678-9A57-48FF-B0A3-D6FAB6B56DBC}.Release|Any CPU.Deploy.0 = Release|Any CPU
		{83278678-9A57-48FF-B0A3-D6FAB6B56DBC}.Release|ARM.ActiveCfg = Release|Any CPU
		{83278678-9A57-48FF-B0A3-D6FAB6B56DBC}.Release|ARM.Build.0 = Release|Any CPU
		{83278678-9A57-48FF-B0A3-D6FAB6B56DBC}.Release|ARM.Deploy.0 = Release|Any CPU
		{83278678-9A57-48FF-B0A3-D6FAB6B56DBC}.Release|iPhone.ActiveCfg = Release|Any CPU
		{83278678-9A57-48FF-B0A3-D6FAB6B56DBC}.Release|iPhone.Build.0 = Release|Any CPU
		{83278678-9A57-48FF-B0A3-D6FAB6B56DBC}.Release|iPhone.Deploy.0 = Release|Any CPU
		{83278678-9A57-48FF-B0A3-D6FAB6B56DBC}.Release|iPhoneSimulator.ActiveCfg = Release|Any CPU
		{83278678-9A57-48FF-B0A3-D6FAB6B56DBC}.Release|iPhoneSimulator.Build.0 = Release|Any CPU
		{83278678-9A57-48FF-B0A3-D6FAB6B56DBC}.Release|iPhoneSimulator.Deploy.0 = Release|Any CPU
		{83278678-9A57-48FF-B0A3-D6FAB6B56DBC}.Release|x64.ActiveCfg = Release|Any CPU
		{83278678-9A57-48FF-B0A3-D6FAB6B56DBC}.Release|x64.Build.0 = Release|Any CPU
		{83278678-9A57-48FF-B0A3-D6FAB6B56DBC}.Release|x64.Deploy.0 = Release|Any CPU
		{83278678-9A57-48FF-B0A3-D6FAB6B56DBC}.Release|x86.ActiveCfg = Release|Any CPU
		{83278678-9A57-48FF-B0A3-D6FAB6B56DBC}.Release|x86.Build.0 = Release|Any CPU
		{83278678-9A57-48FF-B0A3-D6FAB6B56DBC}.Release|x86.Deploy.0 = Release|Any CPU
		{63559EA1-F3AC-4602-B3B0-129BF757EB4E}.Ad-Hoc|Any CPU.ActiveCfg = Release|x86
		{63559EA1-F3AC-4602-B3B0-129BF757EB4E}.Ad-Hoc|Any CPU.Build.0 = Release|x86
		{63559EA1-F3AC-4602-B3B0-129BF757EB4E}.Ad-Hoc|Any CPU.Deploy.0 = Release|x86
		{63559EA1-F3AC-4602-B3B0-129BF757EB4E}.Ad-Hoc|ARM.ActiveCfg = Release|ARM
		{63559EA1-F3AC-4602-B3B0-129BF757EB4E}.Ad-Hoc|ARM.Build.0 = Release|ARM
		{63559EA1-F3AC-4602-B3B0-129BF757EB4E}.Ad-Hoc|ARM.Deploy.0 = Release|ARM
		{63559EA1-F3AC-4602-B3B0-129BF757EB4E}.Ad-Hoc|iPhone.ActiveCfg = Release|x86
		{63559EA1-F3AC-4602-B3B0-129BF757EB4E}.Ad-Hoc|iPhone.Build.0 = Release|x86
		{63559EA1-F3AC-4602-B3B0-129BF757EB4E}.Ad-Hoc|iPhone.Deploy.0 = Release|x86
		{63559EA1-F3AC-4602-B3B0-129BF757EB4E}.Ad-Hoc|iPhoneSimulator.ActiveCfg = Release|x86
		{63559EA1-F3AC-4602-B3B0-129BF757EB4E}.Ad-Hoc|iPhoneSimulator.Build.0 = Release|x86
		{63559EA1-F3AC-4602-B3B0-129BF757EB4E}.Ad-Hoc|iPhoneSimulator.Deploy.0 = Release|x86
		{63559EA1-F3AC-4602-B3B0-129BF757EB4E}.Ad-Hoc|x64.ActiveCfg = Release|x64
		{63559EA1-F3AC-4602-B3B0-129BF757EB4E}.Ad-Hoc|x64.Build.0 = Release|x64
		{63559EA1-F3AC-4602-B3B0-129BF757EB4E}.Ad-Hoc|x64.Deploy.0 = Release|x64
		{63559EA1-F3AC-4602-B3B0-129BF757EB4E}.Ad-Hoc|x86.ActiveCfg = Release|x86
		{63559EA1-F3AC-4602-B3B0-129BF757EB4E}.Ad-Hoc|x86.Build.0 = Release|x86
		{63559EA1-F3AC-4602-B3B0-129BF757EB4E}.Ad-Hoc|x86.Deploy.0 = Release|x86
		{63559EA1-F3AC-4602-B3B0-129BF757EB4E}.AppStore|Any CPU.ActiveCfg = Release|x86
		{63559EA1-F3AC-4602-B3B0-129BF757EB4E}.AppStore|Any CPU.Build.0 = Release|x86
		{63559EA1-F3AC-4602-B3B0-129BF757EB4E}.AppStore|Any CPU.Deploy.0 = Release|x86
		{63559EA1-F3AC-4602-B3B0-129BF757EB4E}.AppStore|ARM.ActiveCfg = Release|ARM
		{63559EA1-F3AC-4602-B3B0-129BF757EB4E}.AppStore|ARM.Build.0 = Release|ARM
		{63559EA1-F3AC-4602-B3B0-129BF757EB4E}.AppStore|ARM.Deploy.0 = Release|ARM
		{63559EA1-F3AC-4602-B3B0-129BF757EB4E}.AppStore|iPhone.ActiveCfg = Release|x86
		{63559EA1-F3AC-4602-B3B0-129BF757EB4E}.AppStore|iPhone.Build.0 = Release|x86
		{63559EA1-F3AC-4602-B3B0-129BF757EB4E}.AppStore|iPhone.Deploy.0 = Release|x86
		{63559EA1-F3AC-4602-B3B0-129BF757EB4E}.AppStore|iPhoneSimulator.ActiveCfg = Release|x86
		{63559EA1-F3AC-4602-B3B0-129BF757EB4E}.AppStore|iPhoneSimulator.Build.0 = Release|x86
		{63559EA1-F3AC-4602-B3B0-129BF757EB4E}.AppStore|iPhoneSimulator.Deploy.0 = Release|x86
		{63559EA1-F3AC-4602-B3B0-129BF757EB4E}.AppStore|x64.ActiveCfg = Release|x64
		{63559EA1-F3AC-4602-B3B0-129BF757EB4E}.AppStore|x64.Build.0 = Release|x64
		{63559EA1-F3AC-4602-B3B0-129BF757EB4E}.AppStore|x64.Deploy.0 = Release|x64
		{63559EA1-F3AC-4602-B3B0-129BF757EB4E}.AppStore|x86.ActiveCfg = Release|x86
		{63559EA1-F3AC-4602-B3B0-129BF757EB4E}.AppStore|x86.Build.0 = Release|x86
		{63559EA1-F3AC-4602-B3B0-129BF757EB4E}.AppStore|x86.Deploy.0 = Release|x86
		{63559EA1-F3AC-4602-B3B0-129BF757EB4E}.Debug|Any CPU.ActiveCfg = Debug|x86
		{63559EA1-F3AC-4602-B3B0-129BF757EB4E}.Debug|ARM.ActiveCfg = Debug|ARM
		{63559EA1-F3AC-4602-B3B0-129BF757EB4E}.Debug|ARM.Build.0 = Debug|ARM
		{63559EA1-F3AC-4602-B3B0-129BF757EB4E}.Debug|ARM.Deploy.0 = Debug|ARM
		{63559EA1-F3AC-4602-B3B0-129BF757EB4E}.Debug|iPhone.ActiveCfg = Debug|x86
		{63559EA1-F3AC-4602-B3B0-129BF757EB4E}.Debug|iPhoneSimulator.ActiveCfg = Debug|x86
		{63559EA1-F3AC-4602-B3B0-129BF757EB4E}.Debug|x64.ActiveCfg = Debug|x64
		{63559EA1-F3AC-4602-B3B0-129BF757EB4E}.Debug|x64.Build.0 = Debug|x64
		{63559EA1-F3AC-4602-B3B0-129BF757EB4E}.Debug|x64.Deploy.0 = Debug|x64
		{63559EA1-F3AC-4602-B3B0-129BF757EB4E}.Debug|x86.ActiveCfg = Debug|x86
		{63559EA1-F3AC-4602-B3B0-129BF757EB4E}.Debug|x86.Build.0 = Debug|x86
		{63559EA1-F3AC-4602-B3B0-129BF757EB4E}.Debug|x86.Deploy.0 = Debug|x86
		{63559EA1-F3AC-4602-B3B0-129BF757EB4E}.Release|Any CPU.ActiveCfg = Release|x86
		{63559EA1-F3AC-4602-B3B0-129BF757EB4E}.Release|ARM.ActiveCfg = Release|ARM
		{63559EA1-F3AC-4602-B3B0-129BF757EB4E}.Release|ARM.Build.0 = Release|ARM
		{63559EA1-F3AC-4602-B3B0-129BF757EB4E}.Release|ARM.Deploy.0 = Release|ARM
		{63559EA1-F3AC-4602-B3B0-129BF757EB4E}.Release|iPhone.ActiveCfg = Release|x86
		{63559EA1-F3AC-4602-B3B0-129BF757EB4E}.Release|iPhoneSimulator.ActiveCfg = Release|x86
		{63559EA1-F3AC-4602-B3B0-129BF757EB4E}.Release|x64.ActiveCfg = Release|x64
		{63559EA1-F3AC-4602-B3B0-129BF757EB4E}.Release|x64.Build.0 = Release|x64
		{63559EA1-F3AC-4602-B3B0-129BF757EB4E}.Release|x64.Deploy.0 = Release|x64
		{63559EA1-F3AC-4602-B3B0-129BF757EB4E}.Release|x86.ActiveCfg = Release|x86
		{63559EA1-F3AC-4602-B3B0-129BF757EB4E}.Release|x86.Build.0 = Release|x86
		{63559EA1-F3AC-4602-B3B0-129BF757EB4E}.Release|x86.Deploy.0 = Release|x86
		{BEBCB0A1-1376-46C2-925B-A85A7E79C6AA}.Ad-Hoc|Any CPU.ActiveCfg = Release|Any CPU
		{BEBCB0A1-1376-46C2-925B-A85A7E79C6AA}.Ad-Hoc|Any CPU.Build.0 = Release|Any CPU
		{BEBCB0A1-1376-46C2-925B-A85A7E79C6AA}.Ad-Hoc|ARM.ActiveCfg = Release|Any CPU
		{BEBCB0A1-1376-46C2-925B-A85A7E79C6AA}.Ad-Hoc|ARM.Build.0 = Release|Any CPU
		{BEBCB0A1-1376-46C2-925B-A85A7E79C6AA}.Ad-Hoc|iPhone.ActiveCfg = Release|Any CPU
		{BEBCB0A1-1376-46C2-925B-A85A7E79C6AA}.Ad-Hoc|iPhone.Build.0 = Release|Any CPU
		{BEBCB0A1-1376-46C2-925B-A85A7E79C6AA}.Ad-Hoc|iPhoneSimulator.ActiveCfg = Release|Any CPU
		{BEBCB0A1-1376-46C2-925B-A85A7E79C6AA}.Ad-Hoc|iPhoneSimulator.Build.0 = Release|Any CPU
		{BEBCB0A1-1376-46C2-925B-A85A7E79C6AA}.Ad-Hoc|x64.ActiveCfg = Release|Any CPU
		{BEBCB0A1-1376-46C2-925B-A85A7E79C6AA}.Ad-Hoc|x64.Build.0 = Release|Any CPU
		{BEBCB0A1-1376-46C2-925B-A85A7E79C6AA}.Ad-Hoc|x86.ActiveCfg = Release|Any CPU
		{BEBCB0A1-1376-46C2-925B-A85A7E79C6AA}.Ad-Hoc|x86.Build.0 = Release|Any CPU
		{BEBCB0A1-1376-46C2-925B-A85A7E79C6AA}.AppStore|Any CPU.ActiveCfg = Release|Any CPU
		{BEBCB0A1-1376-46C2-925B-A85A7E79C6AA}.AppStore|Any CPU.Build.0 = Release|Any CPU
		{BEBCB0A1-1376-46C2-925B-A85A7E79C6AA}.AppStore|ARM.ActiveCfg = Release|Any CPU
		{BEBCB0A1-1376-46C2-925B-A85A7E79C6AA}.AppStore|ARM.Build.0 = Release|Any CPU
		{BEBCB0A1-1376-46C2-925B-A85A7E79C6AA}.AppStore|iPhone.ActiveCfg = Release|Any CPU
		{BEBCB0A1-1376-46C2-925B-A85A7E79C6AA}.AppStore|iPhone.Build.0 = Release|Any CPU
		{BEBCB0A1-1376-46C2-925B-A85A7E79C6AA}.AppStore|iPhoneSimulator.ActiveCfg = Release|Any CPU
		{BEBCB0A1-1376-46C2-925B-A85A7E79C6AA}.AppStore|iPhoneSimulator.Build.0 = Release|Any CPU
		{BEBCB0A1-1376-46C2-925B-A85A7E79C6AA}.AppStore|x64.ActiveCfg = Release|Any CPU
		{BEBCB0A1-1376-46C2-925B-A85A7E79C6AA}.AppStore|x64.Build.0 = Release|Any CPU
		{BEBCB0A1-1376-46C2-925B-A85A7E79C6AA}.AppStore|x86.ActiveCfg = Release|Any CPU
		{BEBCB0A1-1376-46C2-925B-A85A7E79C6AA}.AppStore|x86.Build.0 = Release|Any CPU
		{BEBCB0A1-1376-46C2-925B-A85A7E79C6AA}.Debug|Any CPU.ActiveCfg = Debug|Any CPU
		{BEBCB0A1-1376-46C2-925B-A85A7E79C6AA}.Debug|Any CPU.Build.0 = Debug|Any CPU
		{BEBCB0A1-1376-46C2-925B-A85A7E79C6AA}.Debug|ARM.ActiveCfg = Debug|Any CPU
		{BEBCB0A1-1376-46C2-925B-A85A7E79C6AA}.Debug|ARM.Build.0 = Debug|Any CPU
		{BEBCB0A1-1376-46C2-925B-A85A7E79C6AA}.Debug|iPhone.ActiveCfg = Debug|Any CPU
		{BEBCB0A1-1376-46C2-925B-A85A7E79C6AA}.Debug|iPhone.Build.0 = Debug|Any CPU
		{BEBCB0A1-1376-46C2-925B-A85A7E79C6AA}.Debug|iPhoneSimulator.ActiveCfg = Debug|Any CPU
		{BEBCB0A1-1376-46C2-925B-A85A7E79C6AA}.Debug|iPhoneSimulator.Build.0 = Debug|Any CPU
		{BEBCB0A1-1376-46C2-925B-A85A7E79C6AA}.Debug|x64.ActiveCfg = Debug|Any CPU
		{BEBCB0A1-1376-46C2-925B-A85A7E79C6AA}.Debug|x64.Build.0 = Debug|Any CPU
		{BEBCB0A1-1376-46C2-925B-A85A7E79C6AA}.Debug|x86.ActiveCfg = Debug|Any CPU
		{BEBCB0A1-1376-46C2-925B-A85A7E79C6AA}.Debug|x86.Build.0 = Debug|Any CPU
		{BEBCB0A1-1376-46C2-925B-A85A7E79C6AA}.Release|Any CPU.ActiveCfg = Release|Any CPU
		{BEBCB0A1-1376-46C2-925B-A85A7E79C6AA}.Release|Any CPU.Build.0 = Release|Any CPU
		{BEBCB0A1-1376-46C2-925B-A85A7E79C6AA}.Release|ARM.ActiveCfg = Release|Any CPU
		{BEBCB0A1-1376-46C2-925B-A85A7E79C6AA}.Release|ARM.Build.0 = Release|Any CPU
		{BEBCB0A1-1376-46C2-925B-A85A7E79C6AA}.Release|iPhone.ActiveCfg = Release|Any CPU
		{BEBCB0A1-1376-46C2-925B-A85A7E79C6AA}.Release|iPhone.Build.0 = Release|Any CPU
		{BEBCB0A1-1376-46C2-925B-A85A7E79C6AA}.Release|iPhoneSimulator.ActiveCfg = Release|Any CPU
		{BEBCB0A1-1376-46C2-925B-A85A7E79C6AA}.Release|iPhoneSimulator.Build.0 = Release|Any CPU
		{BEBCB0A1-1376-46C2-925B-A85A7E79C6AA}.Release|x64.ActiveCfg = Release|Any CPU
		{BEBCB0A1-1376-46C2-925B-A85A7E79C6AA}.Release|x64.Build.0 = Release|Any CPU
		{BEBCB0A1-1376-46C2-925B-A85A7E79C6AA}.Release|x86.ActiveCfg = Release|Any CPU
		{BEBCB0A1-1376-46C2-925B-A85A7E79C6AA}.Release|x86.Build.0 = Release|Any CPU
		{F70FB3CD-6552-4C0B-8E09-36FAB896B049}.Ad-Hoc|Any CPU.ActiveCfg = Release|Any CPU
		{F70FB3CD-6552-4C0B-8E09-36FAB896B049}.Ad-Hoc|Any CPU.Build.0 = Release|Any CPU
		{F70FB3CD-6552-4C0B-8E09-36FAB896B049}.Ad-Hoc|ARM.ActiveCfg = Release|Any CPU
		{F70FB3CD-6552-4C0B-8E09-36FAB896B049}.Ad-Hoc|ARM.Build.0 = Release|Any CPU
		{F70FB3CD-6552-4C0B-8E09-36FAB896B049}.Ad-Hoc|iPhone.ActiveCfg = Release|Any CPU
		{F70FB3CD-6552-4C0B-8E09-36FAB896B049}.Ad-Hoc|iPhone.Build.0 = Release|Any CPU
		{F70FB3CD-6552-4C0B-8E09-36FAB896B049}.Ad-Hoc|iPhoneSimulator.ActiveCfg = Release|Any CPU
		{F70FB3CD-6552-4C0B-8E09-36FAB896B049}.Ad-Hoc|iPhoneSimulator.Build.0 = Release|Any CPU
		{F70FB3CD-6552-4C0B-8E09-36FAB896B049}.Ad-Hoc|x64.ActiveCfg = Release|Any CPU
		{F70FB3CD-6552-4C0B-8E09-36FAB896B049}.Ad-Hoc|x64.Build.0 = Release|Any CPU
		{F70FB3CD-6552-4C0B-8E09-36FAB896B049}.Ad-Hoc|x86.ActiveCfg = Release|Any CPU
		{F70FB3CD-6552-4C0B-8E09-36FAB896B049}.Ad-Hoc|x86.Build.0 = Release|Any CPU
		{F70FB3CD-6552-4C0B-8E09-36FAB896B049}.AppStore|Any CPU.ActiveCfg = Release|Any CPU
		{F70FB3CD-6552-4C0B-8E09-36FAB896B049}.AppStore|Any CPU.Build.0 = Release|Any CPU
		{F70FB3CD-6552-4C0B-8E09-36FAB896B049}.AppStore|ARM.ActiveCfg = Release|Any CPU
		{F70FB3CD-6552-4C0B-8E09-36FAB896B049}.AppStore|ARM.Build.0 = Release|Any CPU
		{F70FB3CD-6552-4C0B-8E09-36FAB896B049}.AppStore|iPhone.ActiveCfg = Release|Any CPU
		{F70FB3CD-6552-4C0B-8E09-36FAB896B049}.AppStore|iPhone.Build.0 = Release|Any CPU
		{F70FB3CD-6552-4C0B-8E09-36FAB896B049}.AppStore|iPhoneSimulator.ActiveCfg = Release|Any CPU
		{F70FB3CD-6552-4C0B-8E09-36FAB896B049}.AppStore|iPhoneSimulator.Build.0 = Release|Any CPU
		{F70FB3CD-6552-4C0B-8E09-36FAB896B049}.AppStore|x64.ActiveCfg = Release|Any CPU
		{F70FB3CD-6552-4C0B-8E09-36FAB896B049}.AppStore|x64.Build.0 = Release|Any CPU
		{F70FB3CD-6552-4C0B-8E09-36FAB896B049}.AppStore|x86.ActiveCfg = Release|Any CPU
		{F70FB3CD-6552-4C0B-8E09-36FAB896B049}.AppStore|x86.Build.0 = Release|Any CPU
		{F70FB3CD-6552-4C0B-8E09-36FAB896B049}.Debug|Any CPU.ActiveCfg = Debug|Any CPU
		{F70FB3CD-6552-4C0B-8E09-36FAB896B049}.Debug|Any CPU.Build.0 = Debug|Any CPU
		{F70FB3CD-6552-4C0B-8E09-36FAB896B049}.Debug|ARM.ActiveCfg = Debug|Any CPU
		{F70FB3CD-6552-4C0B-8E09-36FAB896B049}.Debug|ARM.Build.0 = Debug|Any CPU
		{F70FB3CD-6552-4C0B-8E09-36FAB896B049}.Debug|iPhone.ActiveCfg = Debug|Any CPU
		{F70FB3CD-6552-4C0B-8E09-36FAB896B049}.Debug|iPhone.Build.0 = Debug|Any CPU
		{F70FB3CD-6552-4C0B-8E09-36FAB896B049}.Debug|iPhoneSimulator.ActiveCfg = Debug|Any CPU
		{F70FB3CD-6552-4C0B-8E09-36FAB896B049}.Debug|iPhoneSimulator.Build.0 = Debug|Any CPU
		{F70FB3CD-6552-4C0B-8E09-36FAB896B049}.Debug|x64.ActiveCfg = Debug|Any CPU
		{F70FB3CD-6552-4C0B-8E09-36FAB896B049}.Debug|x64.Build.0 = Debug|Any CPU
		{F70FB3CD-6552-4C0B-8E09-36FAB896B049}.Debug|x86.ActiveCfg = Debug|Any CPU
		{F70FB3CD-6552-4C0B-8E09-36FAB896B049}.Debug|x86.Build.0 = Debug|Any CPU
		{F70FB3CD-6552-4C0B-8E09-36FAB896B049}.Release|Any CPU.ActiveCfg = Release|Any CPU
		{F70FB3CD-6552-4C0B-8E09-36FAB896B049}.Release|Any CPU.Build.0 = Release|Any CPU
		{F70FB3CD-6552-4C0B-8E09-36FAB896B049}.Release|ARM.ActiveCfg = Release|Any CPU
		{F70FB3CD-6552-4C0B-8E09-36FAB896B049}.Release|ARM.Build.0 = Release|Any CPU
		{F70FB3CD-6552-4C0B-8E09-36FAB896B049}.Release|iPhone.ActiveCfg = Release|Any CPU
		{F70FB3CD-6552-4C0B-8E09-36FAB896B049}.Release|iPhone.Build.0 = Release|Any CPU
		{F70FB3CD-6552-4C0B-8E09-36FAB896B049}.Release|iPhoneSimulator.ActiveCfg = Release|Any CPU
		{F70FB3CD-6552-4C0B-8E09-36FAB896B049}.Release|iPhoneSimulator.Build.0 = Release|Any CPU
		{F70FB3CD-6552-4C0B-8E09-36FAB896B049}.Release|x64.ActiveCfg = Release|Any CPU
		{F70FB3CD-6552-4C0B-8E09-36FAB896B049}.Release|x64.Build.0 = Release|Any CPU
		{F70FB3CD-6552-4C0B-8E09-36FAB896B049}.Release|x86.ActiveCfg = Release|Any CPU
		{F70FB3CD-6552-4C0B-8E09-36FAB896B049}.Release|x86.Build.0 = Release|Any CPU
		{256A4D76-13C0-4249-BB4F-0521981BBB8D}.Ad-Hoc|Any CPU.ActiveCfg = Release|Any CPU
		{256A4D76-13C0-4249-BB4F-0521981BBB8D}.Ad-Hoc|Any CPU.Build.0 = Release|Any CPU
		{256A4D76-13C0-4249-BB4F-0521981BBB8D}.Ad-Hoc|ARM.ActiveCfg = Release|Any CPU
		{256A4D76-13C0-4249-BB4F-0521981BBB8D}.Ad-Hoc|ARM.Build.0 = Release|Any CPU
		{256A4D76-13C0-4249-BB4F-0521981BBB8D}.Ad-Hoc|iPhone.ActiveCfg = Release|Any CPU
		{256A4D76-13C0-4249-BB4F-0521981BBB8D}.Ad-Hoc|iPhone.Build.0 = Release|Any CPU
		{256A4D76-13C0-4249-BB4F-0521981BBB8D}.Ad-Hoc|iPhoneSimulator.ActiveCfg = Release|Any CPU
		{256A4D76-13C0-4249-BB4F-0521981BBB8D}.Ad-Hoc|iPhoneSimulator.Build.0 = Release|Any CPU
		{256A4D76-13C0-4249-BB4F-0521981BBB8D}.Ad-Hoc|x64.ActiveCfg = Release|Any CPU
		{256A4D76-13C0-4249-BB4F-0521981BBB8D}.Ad-Hoc|x64.Build.0 = Release|Any CPU
		{256A4D76-13C0-4249-BB4F-0521981BBB8D}.Ad-Hoc|x86.ActiveCfg = Release|Any CPU
		{256A4D76-13C0-4249-BB4F-0521981BBB8D}.Ad-Hoc|x86.Build.0 = Release|Any CPU
		{256A4D76-13C0-4249-BB4F-0521981BBB8D}.AppStore|Any CPU.ActiveCfg = Release|Any CPU
		{256A4D76-13C0-4249-BB4F-0521981BBB8D}.AppStore|Any CPU.Build.0 = Release|Any CPU
		{256A4D76-13C0-4249-BB4F-0521981BBB8D}.AppStore|ARM.ActiveCfg = Release|Any CPU
		{256A4D76-13C0-4249-BB4F-0521981BBB8D}.AppStore|ARM.Build.0 = Release|Any CPU
		{256A4D76-13C0-4249-BB4F-0521981BBB8D}.AppStore|iPhone.ActiveCfg = Release|Any CPU
		{256A4D76-13C0-4249-BB4F-0521981BBB8D}.AppStore|iPhone.Build.0 = Release|Any CPU
		{256A4D76-13C0-4249-BB4F-0521981BBB8D}.AppStore|iPhoneSimulator.ActiveCfg = Release|Any CPU
		{256A4D76-13C0-4249-BB4F-0521981BBB8D}.AppStore|iPhoneSimulator.Build.0 = Release|Any CPU
		{256A4D76-13C0-4249-BB4F-0521981BBB8D}.AppStore|x64.ActiveCfg = Release|Any CPU
		{256A4D76-13C0-4249-BB4F-0521981BBB8D}.AppStore|x64.Build.0 = Release|Any CPU
		{256A4D76-13C0-4249-BB4F-0521981BBB8D}.AppStore|x86.ActiveCfg = Release|Any CPU
		{256A4D76-13C0-4249-BB4F-0521981BBB8D}.AppStore|x86.Build.0 = Release|Any CPU
		{256A4D76-13C0-4249-BB4F-0521981BBB8D}.Debug|Any CPU.ActiveCfg = Debug|Any CPU
		{256A4D76-13C0-4249-BB4F-0521981BBB8D}.Debug|Any CPU.Build.0 = Debug|Any CPU
		{256A4D76-13C0-4249-BB4F-0521981BBB8D}.Debug|ARM.ActiveCfg = Debug|Any CPU
		{256A4D76-13C0-4249-BB4F-0521981BBB8D}.Debug|ARM.Build.0 = Debug|Any CPU
		{256A4D76-13C0-4249-BB4F-0521981BBB8D}.Debug|iPhone.ActiveCfg = Debug|Any CPU
		{256A4D76-13C0-4249-BB4F-0521981BBB8D}.Debug|iPhone.Build.0 = Debug|Any CPU
		{256A4D76-13C0-4249-BB4F-0521981BBB8D}.Debug|iPhoneSimulator.ActiveCfg = Debug|Any CPU
		{256A4D76-13C0-4249-BB4F-0521981BBB8D}.Debug|iPhoneSimulator.Build.0 = Debug|Any CPU
		{256A4D76-13C0-4249-BB4F-0521981BBB8D}.Debug|x64.ActiveCfg = Debug|Any CPU
		{256A4D76-13C0-4249-BB4F-0521981BBB8D}.Debug|x64.Build.0 = Debug|Any CPU
		{256A4D76-13C0-4249-BB4F-0521981BBB8D}.Debug|x86.ActiveCfg = Debug|Any CPU
		{256A4D76-13C0-4249-BB4F-0521981BBB8D}.Debug|x86.Build.0 = Debug|Any CPU
		{256A4D76-13C0-4249-BB4F-0521981BBB8D}.Release|Any CPU.ActiveCfg = Release|Any CPU
		{256A4D76-13C0-4249-BB4F-0521981BBB8D}.Release|Any CPU.Build.0 = Release|Any CPU
		{256A4D76-13C0-4249-BB4F-0521981BBB8D}.Release|ARM.ActiveCfg = Release|Any CPU
		{256A4D76-13C0-4249-BB4F-0521981BBB8D}.Release|ARM.Build.0 = Release|Any CPU
		{256A4D76-13C0-4249-BB4F-0521981BBB8D}.Release|iPhone.ActiveCfg = Release|Any CPU
		{256A4D76-13C0-4249-BB4F-0521981BBB8D}.Release|iPhone.Build.0 = Release|Any CPU
		{256A4D76-13C0-4249-BB4F-0521981BBB8D}.Release|iPhoneSimulator.ActiveCfg = Release|Any CPU
		{256A4D76-13C0-4249-BB4F-0521981BBB8D}.Release|iPhoneSimulator.Build.0 = Release|Any CPU
		{256A4D76-13C0-4249-BB4F-0521981BBB8D}.Release|x64.ActiveCfg = Release|Any CPU
		{256A4D76-13C0-4249-BB4F-0521981BBB8D}.Release|x64.Build.0 = Release|Any CPU
		{256A4D76-13C0-4249-BB4F-0521981BBB8D}.Release|x86.ActiveCfg = Release|Any CPU
		{256A4D76-13C0-4249-BB4F-0521981BBB8D}.Release|x86.Build.0 = Release|Any CPU
	EndGlobalSection
	GlobalSection(SolutionProperties) = preSolution
		HideSolutionNode = FALSE
	EndGlobalSection
	GlobalSection(ExtensibilityGlobals) = postSolution
		SolutionGuid = {F6D05029-56B8-4E45-AF2D-0E76295DDBA2}
	EndGlobalSection
EndGlobal
